// !$*UTF8*$!
{
	archiveVersion = 1;
	classes = {
	};
	objectVersion = 46;
	objects = {

/* Begin PBXBuildFile section */
		B522F1711AED2C3B004A7A9A /* LearnViewController.swift in Sources */ = {isa = PBXBuildFile; fileRef = B522F1701AED2C3B004A7A9A /* LearnViewController.swift */; };
		B527F6B91AEBDA5F002D6835 /* LoginViewController.swift in Sources */ = {isa = PBXBuildFile; fileRef = B527F6B81AEBDA5F002D6835 /* LoginViewController.swift */; };
		B58714481AE98DC3009DE833 /* AppDelegate.swift in Sources */ = {isa = PBXBuildFile; fileRef = B58714471AE98DC3009DE833 /* AppDelegate.swift */; };
		B587144B1AE98DC3009DE833 /* PBApp.xcdatamodeld in Sources */ = {isa = PBXBuildFile; fileRef = B58714491AE98DC3009DE833 /* PBApp.xcdatamodeld */; };
		B587144D1AE98DC3009DE833 /* ViewController.swift in Sources */ = {isa = PBXBuildFile; fileRef = B587144C1AE98DC3009DE833 /* ViewController.swift */; };
		B58714501AE98DC3009DE833 /* Main.storyboard in Resources */ = {isa = PBXBuildFile; fileRef = B587144E1AE98DC3009DE833 /* Main.storyboard */; };
		B58714521AE98DC3009DE833 /* Images.xcassets in Resources */ = {isa = PBXBuildFile; fileRef = B58714511AE98DC3009DE833 /* Images.xcassets */; };
		B58714551AE98DC3009DE833 /* LaunchScreen.xib in Resources */ = {isa = PBXBuildFile; fileRef = B58714531AE98DC3009DE833 /* LaunchScreen.xib */; };
		B58714611AE98DC3009DE833 /* PBAppTests.swift in Sources */ = {isa = PBXBuildFile; fileRef = B58714601AE98DC3009DE833 /* PBAppTests.swift */; };
		B5E4001C1AEACA7200FAF9B1 /* BlurView.swift in Sources */ = {isa = PBXBuildFile; fileRef = B5E400011AEACA7200FAF9B1 /* BlurView.swift */; };
		B5E4001D1AEACA7200FAF9B1 /* Data.swift in Sources */ = {isa = PBXBuildFile; fileRef = B5E400021AEACA7200FAF9B1 /* Data.swift */; };
		B5E4001E1AEACA7200FAF9B1 /* DesignableButton.swift in Sources */ = {isa = PBXBuildFile; fileRef = B5E400031AEACA7200FAF9B1 /* DesignableButton.swift */; };
		B5E4001F1AEACA7200FAF9B1 /* DesignableImageView.swift in Sources */ = {isa = PBXBuildFile; fileRef = B5E400041AEACA7200FAF9B1 /* DesignableImageView.swift */; };
		B5E400201AEACA7200FAF9B1 /* DesignableLabel.swift in Sources */ = {isa = PBXBuildFile; fileRef = B5E400051AEACA7200FAF9B1 /* DesignableLabel.swift */; };
		B5E400211AEACA7200FAF9B1 /* DesignableTabBarController.swift in Sources */ = {isa = PBXBuildFile; fileRef = B5E400061AEACA7200FAF9B1 /* DesignableTabBarController.swift */; };
		B5E400221AEACA7200FAF9B1 /* DesignableTextField.swift in Sources */ = {isa = PBXBuildFile; fileRef = B5E400071AEACA7200FAF9B1 /* DesignableTextField.swift */; };
		B5E400231AEACA7200FAF9B1 /* DesignableTextView.swift in Sources */ = {isa = PBXBuildFile; fileRef = B5E400081AEACA7200FAF9B1 /* DesignableTextView.swift */; };
		B5E400241AEACA7200FAF9B1 /* DesignableView.swift in Sources */ = {isa = PBXBuildFile; fileRef = B5E400091AEACA7200FAF9B1 /* DesignableView.swift */; };
		B5E400251AEACA7200FAF9B1 /* ImageLoader.swift in Sources */ = {isa = PBXBuildFile; fileRef = B5E4000A1AEACA7200FAF9B1 /* ImageLoader.swift */; };
		B5E400261AEACA7200FAF9B1 /* Info.plist in Resources */ = {isa = PBXBuildFile; fileRef = B5E4000B1AEACA7200FAF9B1 /* Info.plist */; };
		B5E400271AEACA7200FAF9B1 /* KeyboardAvoidingScrollView.swift in Sources */ = {isa = PBXBuildFile; fileRef = B5E4000C1AEACA7200FAF9B1 /* KeyboardAvoidingScrollView.swift */; };
		B5E400281AEACA7200FAF9B1 /* LoadingView.swift in Sources */ = {isa = PBXBuildFile; fileRef = B5E4000D1AEACA7200FAF9B1 /* LoadingView.swift */; };
		B5E400291AEACA7200FAF9B1 /* LoadingView.xib in Resources */ = {isa = PBXBuildFile; fileRef = B5E4000E1AEACA7200FAF9B1 /* LoadingView.xib */; };
		B5E4002A1AEACA7200FAF9B1 /* Misc.swift in Sources */ = {isa = PBXBuildFile; fileRef = B5E4000F1AEACA7200FAF9B1 /* Misc.swift */; };
		B5E4002B1AEACA7200FAF9B1 /* Spring.swift in Sources */ = {isa = PBXBuildFile; fileRef = B5E400111AEACA7200FAF9B1 /* Spring.swift */; };
		B5E4002C1AEACA7200FAF9B1 /* SpringAnimation.swift in Sources */ = {isa = PBXBuildFile; fileRef = B5E400121AEACA7200FAF9B1 /* SpringAnimation.swift */; };
		B5E4002D1AEACA7200FAF9B1 /* SpringButton.swift in Sources */ = {isa = PBXBuildFile; fileRef = B5E400131AEACA7200FAF9B1 /* SpringButton.swift */; };
		B5E4002E1AEACA7200FAF9B1 /* SpringImageView.swift in Sources */ = {isa = PBXBuildFile; fileRef = B5E400141AEACA7200FAF9B1 /* SpringImageView.swift */; };
		B5E4002F1AEACA7200FAF9B1 /* SpringLabel.swift in Sources */ = {isa = PBXBuildFile; fileRef = B5E400151AEACA7200FAF9B1 /* SpringLabel.swift */; };
		B5E400301AEACA7200FAF9B1 /* SpringTextField.swift in Sources */ = {isa = PBXBuildFile; fileRef = B5E400161AEACA7200FAF9B1 /* SpringTextField.swift */; };
		B5E400311AEACA7200FAF9B1 /* SpringTextView.swift in Sources */ = {isa = PBXBuildFile; fileRef = B5E400171AEACA7200FAF9B1 /* SpringTextView.swift */; };
		B5E400321AEACA7200FAF9B1 /* SpringView.swift in Sources */ = {isa = PBXBuildFile; fileRef = B5E400181AEACA7200FAF9B1 /* SpringView.swift */; };
		B5E400331AEACA7200FAF9B1 /* TransitionManager.swift in Sources */ = {isa = PBXBuildFile; fileRef = B5E400191AEACA7200FAF9B1 /* TransitionManager.swift */; };
		B5E400341AEACA7200FAF9B1 /* TransitionZoom.swift in Sources */ = {isa = PBXBuildFile; fileRef = B5E4001A1AEACA7200FAF9B1 /* TransitionZoom.swift */; };
		B5E400351AEACA7200FAF9B1 /* UnwindSegue.swift in Sources */ = {isa = PBXBuildFile; fileRef = B5E4001B1AEACA7200FAF9B1 /* UnwindSegue.swift */; };
/* End PBXBuildFile section */

/* Begin PBXContainerItemProxy section */
		B587145B1AE98DC3009DE833 /* PBXContainerItemProxy */ = {
			isa = PBXContainerItemProxy;
			containerPortal = B587143A1AE98DC3009DE833 /* Project object */;
			proxyType = 1;
			remoteGlobalIDString = B58714411AE98DC3009DE833;
			remoteInfo = PBApp;
		};
/* End PBXContainerItemProxy section */

/* Begin PBXFileReference section */
		B522F1701AED2C3B004A7A9A /* LearnViewController.swift */ = {isa = PBXFileReference; fileEncoding = 4; lastKnownFileType = sourcecode.swift; path = LearnViewController.swift; sourceTree = "<group>"; };
		B527F6B81AEBDA5F002D6835 /* LoginViewController.swift */ = {isa = PBXFileReference; fileEncoding = 4; lastKnownFileType = sourcecode.swift; path = LoginViewController.swift; sourceTree = "<group>"; };
		B58714421AE98DC3009DE833 /* PBApp.app */ = {isa = PBXFileReference; explicitFileType = wrapper.application; includeInIndex = 0; path = PBApp.app; sourceTree = BUILT_PRODUCTS_DIR; };
		B58714461AE98DC3009DE833 /* Info.plist */ = {isa = PBXFileReference; lastKnownFileType = text.plist.xml; path = Info.plist; sourceTree = "<group>"; };
		B58714471AE98DC3009DE833 /* AppDelegate.swift */ = {isa = PBXFileReference; lastKnownFileType = sourcecode.swift; path = AppDelegate.swift; sourceTree = "<group>"; };
		B587144A1AE98DC3009DE833 /* PBApp.xcdatamodel */ = {isa = PBXFileReference; lastKnownFileType = wrapper.xcdatamodel; path = PBApp.xcdatamodel; sourceTree = "<group>"; };
		B587144C1AE98DC3009DE833 /* ViewController.swift */ = {isa = PBXFileReference; lastKnownFileType = sourcecode.swift; path = ViewController.swift; sourceTree = "<group>"; };
		B587144F1AE98DC3009DE833 /* Base */ = {isa = PBXFileReference; lastKnownFileType = file.storyboard; name = Base; path = Base.lproj/Main.storyboard; sourceTree = "<group>"; };
		B58714511AE98DC3009DE833 /* Images.xcassets */ = {isa = PBXFileReference; lastKnownFileType = folder.assetcatalog; path = Images.xcassets; sourceTree = "<group>"; };
		B58714541AE98DC3009DE833 /* Base */ = {isa = PBXFileReference; lastKnownFileType = file.xib; name = Base; path = Base.lproj/LaunchScreen.xib; sourceTree = "<group>"; };
		B587145A1AE98DC3009DE833 /* PBAppTests.xctest */ = {isa = PBXFileReference; explicitFileType = wrapper.cfbundle; includeInIndex = 0; path = PBAppTests.xctest; sourceTree = BUILT_PRODUCTS_DIR; };
		B587145F1AE98DC3009DE833 /* Info.plist */ = {isa = PBXFileReference; lastKnownFileType = text.plist.xml; path = Info.plist; sourceTree = "<group>"; };
		B58714601AE98DC3009DE833 /* PBAppTests.swift */ = {isa = PBXFileReference; lastKnownFileType = sourcecode.swift; path = PBAppTests.swift; sourceTree = "<group>"; };
		B5E400011AEACA7200FAF9B1 /* BlurView.swift */ = {isa = PBXFileReference; fileEncoding = 4; lastKnownFileType = sourcecode.swift; path = BlurView.swift; sourceTree = "<group>"; };
		B5E400021AEACA7200FAF9B1 /* Data.swift */ = {isa = PBXFileReference; fileEncoding = 4; lastKnownFileType = sourcecode.swift; path = Data.swift; sourceTree = "<group>"; };
		B5E400031AEACA7200FAF9B1 /* DesignableButton.swift */ = {isa = PBXFileReference; fileEncoding = 4; lastKnownFileType = sourcecode.swift; path = DesignableButton.swift; sourceTree = "<group>"; };
		B5E400041AEACA7200FAF9B1 /* DesignableImageView.swift */ = {isa = PBXFileReference; fileEncoding = 4; lastKnownFileType = sourcecode.swift; path = DesignableImageView.swift; sourceTree = "<group>"; };
		B5E400051AEACA7200FAF9B1 /* DesignableLabel.swift */ = {isa = PBXFileReference; fileEncoding = 4; lastKnownFileType = sourcecode.swift; path = DesignableLabel.swift; sourceTree = "<group>"; };
		B5E400061AEACA7200FAF9B1 /* DesignableTabBarController.swift */ = {isa = PBXFileReference; fileEncoding = 4; lastKnownFileType = sourcecode.swift; path = DesignableTabBarController.swift; sourceTree = "<group>"; };
		B5E400071AEACA7200FAF9B1 /* DesignableTextField.swift */ = {isa = PBXFileReference; fileEncoding = 4; lastKnownFileType = sourcecode.swift; path = DesignableTextField.swift; sourceTree = "<group>"; };
		B5E400081AEACA7200FAF9B1 /* DesignableTextView.swift */ = {isa = PBXFileReference; fileEncoding = 4; lastKnownFileType = sourcecode.swift; path = DesignableTextView.swift; sourceTree = "<group>"; };
		B5E400091AEACA7200FAF9B1 /* DesignableView.swift */ = {isa = PBXFileReference; fileEncoding = 4; lastKnownFileType = sourcecode.swift; path = DesignableView.swift; sourceTree = "<group>"; };
		B5E4000A1AEACA7200FAF9B1 /* ImageLoader.swift */ = {isa = PBXFileReference; fileEncoding = 4; lastKnownFileType = sourcecode.swift; path = ImageLoader.swift; sourceTree = "<group>"; };
		B5E4000B1AEACA7200FAF9B1 /* Info.plist */ = {isa = PBXFileReference; fileEncoding = 4; lastKnownFileType = text.plist.xml; path = Info.plist; sourceTree = "<group>"; };
		B5E4000C1AEACA7200FAF9B1 /* KeyboardAvoidingScrollView.swift */ = {isa = PBXFileReference; fileEncoding = 4; lastKnownFileType = sourcecode.swift; path = KeyboardAvoidingScrollView.swift; sourceTree = "<group>"; };
		B5E4000D1AEACA7200FAF9B1 /* LoadingView.swift */ = {isa = PBXFileReference; fileEncoding = 4; lastKnownFileType = sourcecode.swift; path = LoadingView.swift; sourceTree = "<group>"; };
		B5E4000E1AEACA7200FAF9B1 /* LoadingView.xib */ = {isa = PBXFileReference; fileEncoding = 4; lastKnownFileType = file.xib; path = LoadingView.xib; sourceTree = "<group>"; };
		B5E4000F1AEACA7200FAF9B1 /* Misc.swift */ = {isa = PBXFileReference; fileEncoding = 4; lastKnownFileType = sourcecode.swift; path = Misc.swift; sourceTree = "<group>"; };
		B5E400101AEACA7200FAF9B1 /* Spring.h */ = {isa = PBXFileReference; fileEncoding = 4; lastKnownFileType = sourcecode.c.h; path = Spring.h; sourceTree = "<group>"; };
		B5E400111AEACA7200FAF9B1 /* Spring.swift */ = {isa = PBXFileReference; fileEncoding = 4; lastKnownFileType = sourcecode.swift; path = Spring.swift; sourceTree = "<group>"; };
		B5E400121AEACA7200FAF9B1 /* SpringAnimation.swift */ = {isa = PBXFileReference; fileEncoding = 4; lastKnownFileType = sourcecode.swift; path = SpringAnimation.swift; sourceTree = "<group>"; };
		B5E400131AEACA7200FAF9B1 /* SpringButton.swift */ = {isa = PBXFileReference; fileEncoding = 4; lastKnownFileType = sourcecode.swift; path = SpringButton.swift; sourceTree = "<group>"; };
		B5E400141AEACA7200FAF9B1 /* SpringImageView.swift */ = {isa = PBXFileReference; fileEncoding = 4; lastKnownFileType = sourcecode.swift; path = SpringImageView.swift; sourceTree = "<group>"; };
		B5E400151AEACA7200FAF9B1 /* SpringLabel.swift */ = {isa = PBXFileReference; fileEncoding = 4; lastKnownFileType = sourcecode.swift; path = SpringLabel.swift; sourceTree = "<group>"; };
		B5E400161AEACA7200FAF9B1 /* SpringTextField.swift */ = {isa = PBXFileReference; fileEncoding = 4; lastKnownFileType = sourcecode.swift; path = SpringTextField.swift; sourceTree = "<group>"; };
		B5E400171AEACA7200FAF9B1 /* SpringTextView.swift */ = {isa = PBXFileReference; fileEncoding = 4; lastKnownFileType = sourcecode.swift; path = SpringTextView.swift; sourceTree = "<group>"; };
		B5E400181AEACA7200FAF9B1 /* SpringView.swift */ = {isa = PBXFileReference; fileEncoding = 4; lastKnownFileType = sourcecode.swift; path = SpringView.swift; sourceTree = "<group>"; };
		B5E400191AEACA7200FAF9B1 /* TransitionManager.swift */ = {isa = PBXFileReference; fileEncoding = 4; lastKnownFileType = sourcecode.swift; path = TransitionManager.swift; sourceTree = "<group>"; };
		B5E4001A1AEACA7200FAF9B1 /* TransitionZoom.swift */ = {isa = PBXFileReference; fileEncoding = 4; lastKnownFileType = sourcecode.swift; path = TransitionZoom.swift; sourceTree = "<group>"; };
		B5E4001B1AEACA7200FAF9B1 /* UnwindSegue.swift */ = {isa = PBXFileReference; fileEncoding = 4; lastKnownFileType = sourcecode.swift; path = UnwindSegue.swift; sourceTree = "<group>"; };
/* End PBXFileReference section */

/* Begin PBXFrameworksBuildPhase section */
		B587143F1AE98DC3009DE833 /* Frameworks */ = {
			isa = PBXFrameworksBuildPhase;
			buildActionMask = 2147483647;
			files = (
			);
			runOnlyForDeploymentPostprocessing = 0;
		};
		B58714571AE98DC3009DE833 /* Frameworks */ = {
			isa = PBXFrameworksBuildPhase;
			buildActionMask = 2147483647;
			files = (
			);
			runOnlyForDeploymentPostprocessing = 0;
		};
/* End PBXFrameworksBuildPhase section */

/* Begin PBXGroup section */
		B58714391AE98DC3009DE833 = {
			isa = PBXGroup;
			children = (
				B58714441AE98DC3009DE833 /* PBApp */,
				B587145D1AE98DC3009DE833 /* PBAppTests */,
				B58714431AE98DC3009DE833 /* Products */,
			);
			sourceTree = "<group>";
		};
		B58714431AE98DC3009DE833 /* Products */ = {
			isa = PBXGroup;
			children = (
				B58714421AE98DC3009DE833 /* PBApp.app */,
				B587145A1AE98DC3009DE833 /* PBAppTests.xctest */,
			);
			name = Products;
			sourceTree = "<group>";
		};
		B58714441AE98DC3009DE833 /* PBApp */ = {
			isa = PBXGroup;
			children = (
				B5E400001AEACA7200FAF9B1 /* Spring */,
				B58714471AE98DC3009DE833 /* AppDelegate.swift */,
				B587144C1AE98DC3009DE833 /* ViewController.swift */,
				B527F6B81AEBDA5F002D6835 /* LoginViewController.swift */,
				B522F1701AED2C3B004A7A9A /* LearnViewController.swift */,
				B587144E1AE98DC3009DE833 /* Main.storyboard */,
				B58714511AE98DC3009DE833 /* Images.xcassets */,
				B58714531AE98DC3009DE833 /* LaunchScreen.xib */,
				B58714491AE98DC3009DE833 /* PBApp.xcdatamodeld */,
				B58714451AE98DC3009DE833 /* Supporting Files */,
			);
			path = PBApp;
			sourceTree = "<group>";
		};
		B58714451AE98DC3009DE833 /* Supporting Files */ = {
			isa = PBXGroup;
			children = (
				B58714461AE98DC3009DE833 /* Info.plist */,
			);
			name = "Supporting Files";
			sourceTree = "<group>";
		};
		B587145D1AE98DC3009DE833 /* PBAppTests */ = {
			isa = PBXGroup;
			children = (
				B58714601AE98DC3009DE833 /* PBAppTests.swift */,
				B587145E1AE98DC3009DE833 /* Supporting Files */,
			);
			path = PBAppTests;
			sourceTree = "<group>";
		};
		B587145E1AE98DC3009DE833 /* Supporting Files */ = {
			isa = PBXGroup;
			children = (
				B587145F1AE98DC3009DE833 /* Info.plist */,
			);
			name = "Supporting Files";
			sourceTree = "<group>";
		};
		B5E400001AEACA7200FAF9B1 /* Spring */ = {
			isa = PBXGroup;
			children = (
				B5E400011AEACA7200FAF9B1 /* BlurView.swift */,
				B5E400021AEACA7200FAF9B1 /* Data.swift */,
				B5E400031AEACA7200FAF9B1 /* DesignableButton.swift */,
				B5E400041AEACA7200FAF9B1 /* DesignableImageView.swift */,
				B5E400051AEACA7200FAF9B1 /* DesignableLabel.swift */,
				B5E400061AEACA7200FAF9B1 /* DesignableTabBarController.swift */,
				B5E400071AEACA7200FAF9B1 /* DesignableTextField.swift */,
				B5E400081AEACA7200FAF9B1 /* DesignableTextView.swift */,
				B5E400091AEACA7200FAF9B1 /* DesignableView.swift */,
				B5E4000A1AEACA7200FAF9B1 /* ImageLoader.swift */,
				B5E4000B1AEACA7200FAF9B1 /* Info.plist */,
				B5E4000C1AEACA7200FAF9B1 /* KeyboardAvoidingScrollView.swift */,
				B5E4000D1AEACA7200FAF9B1 /* LoadingView.swift */,
				B5E4000E1AEACA7200FAF9B1 /* LoadingView.xib */,
				B5E4000F1AEACA7200FAF9B1 /* Misc.swift */,
				B5E400101AEACA7200FAF9B1 /* Spring.h */,
				B5E400111AEACA7200FAF9B1 /* Spring.swift */,
				B5E400121AEACA7200FAF9B1 /* SpringAnimation.swift */,
				B5E400131AEACA7200FAF9B1 /* SpringButton.swift */,
				B5E400141AEACA7200FAF9B1 /* SpringImageView.swift */,
				B5E400151AEACA7200FAF9B1 /* SpringLabel.swift */,
				B5E400161AEACA7200FAF9B1 /* SpringTextField.swift */,
				B5E400171AEACA7200FAF9B1 /* SpringTextView.swift */,
				B5E400181AEACA7200FAF9B1 /* SpringView.swift */,
				B5E400191AEACA7200FAF9B1 /* TransitionManager.swift */,
				B5E4001A1AEACA7200FAF9B1 /* TransitionZoom.swift */,
				B5E4001B1AEACA7200FAF9B1 /* UnwindSegue.swift */,
			);
			path = Spring;
			sourceTree = "<group>";
		};
/* End PBXGroup section */

/* Begin PBXNativeTarget section */
		B58714411AE98DC3009DE833 /* PBApp */ = {
			isa = PBXNativeTarget;
			buildConfigurationList = B58714641AE98DC3009DE833 /* Build configuration list for PBXNativeTarget "PBApp" */;
			buildPhases = (
				B587143E1AE98DC3009DE833 /* Sources */,
				B587143F1AE98DC3009DE833 /* Frameworks */,
				B58714401AE98DC3009DE833 /* Resources */,
			);
			buildRules = (
			);
			dependencies = (
			);
			name = PBApp;
			productName = PBApp;
			productReference = B58714421AE98DC3009DE833 /* PBApp.app */;
			productType = "com.apple.product-type.application";
		};
		B58714591AE98DC3009DE833 /* PBAppTests */ = {
			isa = PBXNativeTarget;
			buildConfigurationList = B58714671AE98DC3009DE833 /* Build configuration list for PBXNativeTarget "PBAppTests" */;
			buildPhases = (
				B58714561AE98DC3009DE833 /* Sources */,
				B58714571AE98DC3009DE833 /* Frameworks */,
				B58714581AE98DC3009DE833 /* Resources */,
			);
			buildRules = (
			);
			dependencies = (
				B587145C1AE98DC3009DE833 /* PBXTargetDependency */,
			);
			name = PBAppTests;
			productName = PBAppTests;
			productReference = B587145A1AE98DC3009DE833 /* PBAppTests.xctest */;
			productType = "com.apple.product-type.bundle.unit-test";
		};
/* End PBXNativeTarget section */

/* Begin PBXProject section */
		B587143A1AE98DC3009DE833 /* Project object */ = {
			isa = PBXProject;
			attributes = {
				LastUpgradeCheck = 0630;
				ORGANIZATIONNAME = "Hamish Irving";
				TargetAttributes = {
					B58714411AE98DC3009DE833 = {
						CreatedOnToolsVersion = 6.3;
					};
					B58714591AE98DC3009DE833 = {
						CreatedOnToolsVersion = 6.3;
						TestTargetID = B58714411AE98DC3009DE833;
					};
				};
			};
			buildConfigurationList = B587143D1AE98DC3009DE833 /* Build configuration list for PBXProject "PBApp" */;
			compatibilityVersion = "Xcode 3.2";
			developmentRegion = English;
			hasScannedForEncodings = 0;
			knownRegions = (
				en,
				Base,
			);
			mainGroup = B58714391AE98DC3009DE833;
			productRefGroup = B58714431AE98DC3009DE833 /* Products */;
			projectDirPath = "";
			projectRoot = "";
			targets = (
				B58714411AE98DC3009DE833 /* PBApp */,
				B58714591AE98DC3009DE833 /* PBAppTests */,
			);
		};
/* End PBXProject section */

/* Begin PBXResourcesBuildPhase section */
		B58714401AE98DC3009DE833 /* Resources */ = {
			isa = PBXResourcesBuildPhase;
			buildActionMask = 2147483647;
			files = (
				B5E400261AEACA7200FAF9B1 /* Info.plist in Resources */,
				B58714501AE98DC3009DE833 /* Main.storyboard in Resources */,
				B58714551AE98DC3009DE833 /* LaunchScreen.xib in Resources */,
				B58714521AE98DC3009DE833 /* Images.xcassets in Resources */,
				B5E400291AEACA7200FAF9B1 /* LoadingView.xib in Resources */,
			);
			runOnlyForDeploymentPostprocessing = 0;
		};
		B58714581AE98DC3009DE833 /* Resources */ = {
			isa = PBXResourcesBuildPhase;
			buildActionMask = 2147483647;
			files = (
			);
			runOnlyForDeploymentPostprocessing = 0;
		};
/* End PBXResourcesBuildPhase section */

/* Begin PBXSourcesBuildPhase section */
		B587143E1AE98DC3009DE833 /* Sources */ = {
			isa = PBXSourcesBuildPhase;
			buildActionMask = 2147483647;
			files = (
				B527F6B91AEBDA5F002D6835 /* LoginViewController.swift in Sources */,
				B5E400351AEACA7200FAF9B1 /* UnwindSegue.swift in Sources */,
				B587144D1AE98DC3009DE833 /* ViewController.swift in Sources */,
				B5E4002A1AEACA7200FAF9B1 /* Misc.swift in Sources */,
				B5E4002D1AEACA7200FAF9B1 /* SpringButton.swift in Sources */,
				B5E4001D1AEACA7200FAF9B1 /* Data.swift in Sources */,
				B5E4001C1AEACA7200FAF9B1 /* BlurView.swift in Sources */,
				B58714481AE98DC3009DE833 /* AppDelegate.swift in Sources */,
				B5E400231AEACA7200FAF9B1 /* DesignableTextView.swift in Sources */,
				B587144B1AE98DC3009DE833 /* PBApp.xcdatamodeld in Sources */,
				B5E400301AEACA7200FAF9B1 /* SpringTextField.swift in Sources */,
				B5E4001E1AEACA7200FAF9B1 /* DesignableButton.swift in Sources */,
				B5E4002F1AEACA7200FAF9B1 /* SpringLabel.swift in Sources */,
				B5E400201AEACA7200FAF9B1 /* DesignableLabel.swift in Sources */,
				B5E400281AEACA7200FAF9B1 /* LoadingView.swift in Sources */,
				B5E400241AEACA7200FAF9B1 /* DesignableView.swift in Sources */,
				B522F1711AED2C3B004A7A9A /* LearnViewController.swift in Sources */,
				B5E400221AEACA7200FAF9B1 /* DesignableTextField.swift in Sources */,
				B5E400311AEACA7200FAF9B1 /* SpringTextView.swift in Sources */,
				B5E400331AEACA7200FAF9B1 /* TransitionManager.swift in Sources */,
				B5E4002B1AEACA7200FAF9B1 /* Spring.swift in Sources */,
				B5E400321AEACA7200FAF9B1 /* SpringView.swift in Sources */,
				B5E400211AEACA7200FAF9B1 /* DesignableTabBarController.swift in Sources */,
				B5E4001F1AEACA7200FAF9B1 /* DesignableImageView.swift in Sources */,
				B5E400341AEACA7200FAF9B1 /* TransitionZoom.swift in Sources */,
				B5E4002C1AEACA7200FAF9B1 /* SpringAnimation.swift in Sources */,
				B5E4002E1AEACA7200FAF9B1 /* SpringImageView.swift in Sources */,
				B5E400271AEACA7200FAF9B1 /* KeyboardAvoidingScrollView.swift in Sources */,
				B5E400251AEACA7200FAF9B1 /* ImageLoader.swift in Sources */,
			);
			runOnlyForDeploymentPostprocessing = 0;
		};
		B58714561AE98DC3009DE833 /* Sources */ = {
			isa = PBXSourcesBuildPhase;
			buildActionMask = 2147483647;
			files = (
				B58714611AE98DC3009DE833 /* PBAppTests.swift in Sources */,
			);
			runOnlyForDeploymentPostprocessing = 0;
		};
/* End PBXSourcesBuildPhase section */

/* Begin PBXTargetDependency section */
		B587145C1AE98DC3009DE833 /* PBXTargetDependency */ = {
			isa = PBXTargetDependency;
			target = B58714411AE98DC3009DE833 /* PBApp */;
			targetProxy = B587145B1AE98DC3009DE833 /* PBXContainerItemProxy */;
		};
/* End PBXTargetDependency section */

/* Begin PBXVariantGroup section */
		B587144E1AE98DC3009DE833 /* Main.storyboard */ = {
			isa = PBXVariantGroup;
			children = (
				B587144F1AE98DC3009DE833 /* Base */,
			);
			name = Main.storyboard;
			sourceTree = "<group>";
		};
		B58714531AE98DC3009DE833 /* LaunchScreen.xib */ = {
			isa = PBXVariantGroup;
			children = (
				B58714541AE98DC3009DE833 /* Base */,
			);
			name = LaunchScreen.xib;
			sourceTree = "<group>";
		};
/* End PBXVariantGroup section */

/* Begin XCBuildConfiguration section */
		B58714621AE98DC3009DE833 /* Debug */ = {
			isa = XCBuildConfiguration;
			buildSettings = {
				ALWAYS_SEARCH_USER_PATHS = NO;
				CLANG_CXX_LANGUAGE_STANDARD = "gnu++0x";
				CLANG_CXX_LIBRARY = "libc++";
				CLANG_ENABLE_MODULES = YES;
				CLANG_ENABLE_OBJC_ARC = YES;
				CLANG_WARN_BOOL_CONVERSION = YES;
				CLANG_WARN_CONSTANT_CONVERSION = YES;
				CLANG_WARN_DIRECT_OBJC_ISA_USAGE = YES_ERROR;
				CLANG_WARN_EMPTY_BODY = YES;
				CLANG_WARN_ENUM_CONVERSION = YES;
				CLANG_WARN_INT_CONVERSION = YES;
				CLANG_WARN_OBJC_ROOT_CLASS = YES_ERROR;
				CLANG_WARN_UNREACHABLE_CODE = YES;
				CLANG_WARN__DUPLICATE_METHOD_MATCH = YES;
				"CODE_SIGN_IDENTITY[sdk=iphoneos*]" = "iPhone Developer";
				COPY_PHASE_STRIP = NO;
				DEBUG_INFORMATION_FORMAT = "dwarf-with-dsym";
				ENABLE_STRICT_OBJC_MSGSEND = YES;
				GCC_C_LANGUAGE_STANDARD = gnu99;
				GCC_DYNAMIC_NO_PIC = NO;
				GCC_NO_COMMON_BLOCKS = YES;
				GCC_OPTIMIZATION_LEVEL = 0;
				GCC_PREPROCESSOR_DEFINITIONS = (
					"DEBUG=1",
					"$(inherited)",
				);
				GCC_SYMBOLS_PRIVATE_EXTERN = NO;
				GCC_WARN_64_TO_32_BIT_CONVERSION = YES;
				GCC_WARN_ABOUT_RETURN_TYPE = YES_ERROR;
				GCC_WARN_UNDECLARED_SELECTOR = YES;
				GCC_WARN_UNINITIALIZED_AUTOS = YES_AGGRESSIVE;
				GCC_WARN_UNUSED_FUNCTION = YES;
				GCC_WARN_UNUSED_VARIABLE = YES;
				IPHONEOS_DEPLOYMENT_TARGET = 8.3;
				MTL_ENABLE_DEBUG_INFO = YES;
				ONLY_ACTIVE_ARCH = YES;
				SDKROOT = iphoneos;
				SWIFT_OPTIMIZATION_LEVEL = "-Onone";
				TARGETED_DEVICE_FAMILY = 2;
			};
			name = Debug;
		};
		B58714631AE98DC3009DE833 /* Release */ = {
			isa = XCBuildConfiguration;
			buildSettings = {
				ALWAYS_SEARCH_USER_PATHS = NO;
				CLANG_CXX_LANGUAGE_STANDARD = "gnu++0x";
				CLANG_CXX_LIBRARY = "libc++";
				CLANG_ENABLE_MODULES = YES;
				CLANG_ENABLE_OBJC_ARC = YES;
				CLANG_WARN_BOOL_CONVERSION = YES;
				CLANG_WARN_CONSTANT_CONVERSION = YES;
				CLANG_WARN_DIRECT_OBJC_ISA_USAGE = YES_ERROR;
				CLANG_WARN_EMPTY_BODY = YES;
				CLANG_WARN_ENUM_CONVERSION = YES;
				CLANG_WARN_INT_CONVERSION = YES;
				CLANG_WARN_OBJC_ROOT_CLASS = YES_ERROR;
				CLANG_WARN_UNREACHABLE_CODE = YES;
				CLANG_WARN__DUPLICATE_METHOD_MATCH = YES;
				"CODE_SIGN_IDENTITY[sdk=iphoneos*]" = "iPhone Developer";
				COPY_PHASE_STRIP = NO;
				DEBUG_INFORMATION_FORMAT = "dwarf-with-dsym";
				ENABLE_NS_ASSERTIONS = NO;
				ENABLE_STRICT_OBJC_MSGSEND = YES;
				GCC_C_LANGUAGE_STANDARD = gnu99;
				GCC_NO_COMMON_BLOCKS = YES;
				GCC_WARN_64_TO_32_BIT_CONVERSION = YES;
				GCC_WARN_ABOUT_RETURN_TYPE = YES_ERROR;
				GCC_WARN_UNDECLARED_SELECTOR = YES;
				GCC_WARN_UNINITIALIZED_AUTOS = YES_AGGRESSIVE;
				GCC_WARN_UNUSED_FUNCTION = YES;
				GCC_WARN_UNUSED_VARIABLE = YES;
				IPHONEOS_DEPLOYMENT_TARGET = 8.3;
				MTL_ENABLE_DEBUG_INFO = NO;
				SDKROOT = iphoneos;
				TARGETED_DEVICE_FAMILY = 2;
				VALIDATE_PRODUCT = YES;
			};
			name = Release;
		};
		B58714651AE98DC3009DE833 /* Debug */ = {
			isa = XCBuildConfiguration;
			buildSettings = {
				ASSETCATALOG_COMPILER_APPICON_NAME = AppIcon;
				INFOPLIST_FILE = PBApp/Info.plist;
				LD_RUNPATH_SEARCH_PATHS = "$(inherited) @executable_path/Frameworks";
				PRODUCT_NAME = "$(TARGET_NAME)";
				TARGETED_DEVICE_FAMILY = 1;
			};
			name = Debug;
		};
		B58714661AE98DC3009DE833 /* Release */ = {
			isa = XCBuildConfiguration;
			buildSettings = {
				ASSETCATALOG_COMPILER_APPICON_NAME = AppIcon;
				INFOPLIST_FILE = PBApp/Info.plist;
				LD_RUNPATH_SEARCH_PATHS = "$(inherited) @executable_path/Frameworks";
				PRODUCT_NAME = "$(TARGET_NAME)";
				TARGETED_DEVICE_FAMILY = 1;
			};
			name = Release;
		};
		B58714681AE98DC3009DE833 /* Debug */ = {
			isa = XCBuildConfiguration;
			buildSettings = {
				BUNDLE_LOADER = "$(TEST_HOST)";
				FRAMEWORK_SEARCH_PATHS = (
					"$(SDKROOT)/Developer/Library/Frameworks",
					"$(inherited)",
				);
				GCC_PREPROCESSOR_DEFINITIONS = (
					"DEBUG=1",
					"$(inherited)",
				);
				INFOPLIST_FILE = PBAppTests/Info.plist;
				LD_RUNPATH_SEARCH_PATHS = "$(inherited) @executable_path/Frameworks @loader_path/Frameworks";
				PRODUCT_NAME = "$(TARGET_NAME)";
				TEST_HOST = "$(BUILT_PRODUCTS_DIR)/PBApp.app/PBApp";
			};
			name = Debug;
		};
		B58714691AE98DC3009DE833 /* Release */ = {
			isa = XCBuildConfiguration;
			buildSettings = {
				BUNDLE_LOADER = "$(TEST_HOST)";
				FRAMEWORK_SEARCH_PATHS = (
					"$(SDKROOT)/Developer/Library/Frameworks",
					"$(inherited)",
				);
				INFOPLIST_FILE = PBAppTests/Info.plist;
				LD_RUNPATH_SEARCH_PATHS = "$(inherited) @executable_path/Frameworks @loader_path/Frameworks";
				PRODUCT_NAME = "$(TARGET_NAME)";
				TEST_HOST = "$(BUILT_PRODUCTS_DIR)/PBApp.app/PBApp";
			};
			name = Release;
		};
/* End XCBuildConfiguration section */

/* Begin XCConfigurationList section */
		B587143D1AE98DC3009DE833 /* Build configuration list for PBXProject "PBApp" */ = {
			isa = XCConfigurationList;
			buildConfigurations = (
				B58714621AE98DC3009DE833 /* Debug */,
				B58714631AE98DC3009DE833 /* Release */,
			);
			defaultConfigurationIsVisible = 0;
			defaultConfigurationName = Release;
		};
		B58714641AE98DC3009DE833 /* Build configuration list for PBXNativeTarget "PBApp" */ = {
			isa = XCConfigurationList;
			buildConfigurations = (
				B58714651AE98DC3009DE833 /* Debug */,
				B58714661AE98DC3009DE833 /* Release */,
			);
			defaultConfigurationIsVisible = 0;
			defaultConfigurationName = Release;
		};
		B58714671AE98DC3009DE833 /* Build configuration list for PBXNativeTarget "PBAppTests" */ = {
			isa = XCConfigurationList;
			buildConfigurations = (
				B58714681AE98DC3009DE833 /* Debug */,
				B58714691AE98DC3009DE833 /* Release */,
			);
			defaultConfigurationIsVisible = 0;
			defaultConfigurationName = Release;
		};
/* End XCConfigurationList section */

/* Begin XCVersionGroup section */
		B58714491AE98DC3009DE833 /* PBApp.xcdatamodeld */ = {
			isa = XCVersionGroup;
			children = (
				B587144A1AE98DC3009DE833 /* PBApp.xcdatamodel */,
			);
			currentVersion = B587144A1AE98DC3009DE833 /* PBApp.xcdatamodel */;
			path = PBApp.xcdatamodeld;
			sourceTree = "<group>";
			versionGroupType = wrapper.xcdatamodel;
		};
/* End XCVersionGroup section */
	};
	rootObject = B587143A1AE98DC3009DE833 /* Project object */;
}
